# This file is automatically @generated by Cargo.
# It is not intended for manual editing.
version = 4

[[package]]
name = "api-gateway"
version = "0.1.0"

[[package]]
name = "cache"
version = "0.1.0"

[[package]]
name = "config"
version = "0.1.0"

[[package]]
name = "crypto"
version = "0.1.0"

[[package]]
name = "data-service"
version = "0.1.0"

[[package]]
name = "data-service-client"
version = "0.1.0"

[[package]]
name = "domain"
version = "0.1.0"

[[package]]
name = "errors"
version = "0.1.0"

[[package]]
name = "identity-service"
version = "0.1.0"

[[package]]
name = "kfintech-client"
version = "0.1.0"

[[package]]
name = "logging"
version = "0.1.0"

[[package]]
name = "migration"
version = "0.1.0"

[[package]]
name = "payment-service"
version = "0.1.0"
